# THIS IS AN AUTOGENERATED FILE. DO NOT EDIT THIS FILE DIRECTLY.
# yarn lockfile v1


"@noble/hashes@^1.1.5":
  version "1.2.0"
  resolved "https://registry.yarnpkg.com/@noble/hashes/-/hashes-1.2.0.tgz#a3150eeb09cc7ab207ebf6d7b9ad311a9bdbed12"
  integrity sha512-FZfhjEDbT5GRswV3C6uvLPHMiVD6lQBmpoX5+eSiPaMTXte/IKqI5dykDxzZB/WBeK/CDuQRBWarPdi3FNY2zQ==

"@paralleldrive/cuid2@2.2.0":
  version "2.2.0"
  resolved "https://registry.yarnpkg.com/@paralleldrive/cuid2/-/cuid2-2.2.0.tgz#105b31311994c18d816cb0d31f31ecaf425d32b4"
  integrity sha512-CVQDpPIUHrUGGLdrMGz1NmqZvqmsB2j2rCIQEu1EvxWjlFh4fhvEGmgR409cY20/67/WlJsggenq0no3p3kYsw==
  dependencies:
    "@noble/hashes" "^1.1.5"
