# THIS IS AN AUTOGENERATED FILE. DO NOT EDIT THIS FILE DIRECTLY.
# yarn lockfile v1


"@noble/hashes@^1.1.5":
  version "1.2.0"
  resolved "https://registry.yarnpkg.com/@noble/hashes/-/hashes-1.2.0.tgz#a3150eeb09cc7ab207ebf6d7b9ad311a9bdbed12"
  integrity sha512-FZfhjEDbT5GRswV3C6uvLPHMiVD6lQBmpoX5+eSiPaMTXte/IKqI5dykDxzZB/WBeK/CDuQRBWarPdi3FNY2zQ==

"@paralleldrive/cuid2@2.2.1":
  version "2.2.1"
  resolved "https://registry.yarnpkg.com/@paralleldrive/cuid2/-/cuid2-2.2.1.tgz#e7c11bad9452b36ef5ad1a834b14910eb0fe4cec"
  integrity sha512-GJhHYlMhyT2gWemDL7BGMWfTNhspJKkikLKh9wAy3z4GTTINvTYALkUd+eGQK7aLeVkVzPuSA0VCT3H5eEWbbw==
  dependencies:
    "@noble/hashes" "^1.1.5"
