# THIS IS AN AUTOGENERATED FILE. DO NOT EDIT THIS FILE DIRECTLY.
# yarn lockfile v1


"@noble/hashes@^1.1.5":
  version "1.2.0"
  resolved "https://registry.yarnpkg.com/@noble/hashes/-/hashes-1.2.0.tgz#a3150eeb09cc7ab207ebf6d7b9ad311a9bdbed12"
  integrity sha512-FZfhjEDbT5GRswV3C6uvLPHMiVD6lQBmpoX5+eSiPaMTXte/IKqI5dykDxzZB/WBeK/CDuQRBWarPdi3FNY2zQ==

"@paralleldrive/cuid2@2.0.1":
  version "2.0.1"
  resolved "https://registry.yarnpkg.com/@paralleldrive/cuid2/-/cuid2-2.0.1.tgz#705397a4ae813a9d1364523ed58df6967ef8e308"
  integrity sha512-fi9nN5kCPGv9pcKQjk9g3riSTVcwR5TCFAGPUStbR61b1nXZ07GvxeoyStELKsJDCji1lwuUiUwLtagNTBllQA==
  dependencies:
    "@noble/hashes" "^1.1.5"
